
Microsoft Visual Studio Solution File, Format Version 12.00
# Visual Studio Version 16
VisualStudioVersion = 16.0.30225.117
MinimumVisualStudioVersion = 10.0.40219.1
Project("{FAE04EC0-301F-11D3-BF4B-00C04F79EFBC}") = "QRCode-WPF", "QRCode-WPF\QRCode-WPF.csproj", "{C9E34123-57E5-4060-A823-76493A8C5B5A}"
EndProject
Project("{FAE04EC0-301F-11D3-BF4B-00C04F79EFBC}") = "Barcode-WPF", "..\Barcode-WPF\Barcode-WPF.csproj", "{B2045980-01A0-40C7-A1A4-AA23BDFC56A4}"
EndProject
Global
	GlobalSection(SolutionConfigurationPlatforms) = preSolution
		Debug|Any CPU = Debug|Any CPU
		Release|Any CPU = Release|Any CPU
	EndGlobalSection
	GlobalSection(ProjectConfigurationPlatforms) = postSolution
		{C9E34123-57E5-4060-A823-76493A8C5B5A}.Debug|Any CPU.ActiveCfg = Debug|Any CPU
		{C9E34123-57E5-4060-A823-76493A8C5B5A}.Debug|Any CPU.Build.0 = Debug|Any CPU
		{C9E34123-57E5-4060-A823-76493A8C5B5A}.Release|Any CPU.ActiveCfg = Release|Any CPU
		{C9E34123-57E5-4060-A823-76493A8C5B5A}.Release|Any CPU.Build.0 = Release|Any CPU
		{B2045980-01A0-40C7-A1A4-AA23BDFC56A4}.Debug|Any CPU.ActiveCfg = Debug|Any CPU
		{B2045980-01A0-40C7-A1A4-AA23BDFC56A4}.Debug|Any CPU.Build.0 = Debug|Any CPU
		{B2045980-01A0-40C7-A1A4-AA23BDFC56A4}.Release|Any CPU.ActiveCfg = Release|Any CPU
		{B2045980-01A0-40C7-A1A4-AA23BDFC56A4}.Release|Any CPU.Build.0 = Release|Any CPU
	EndGlobalSection
	GlobalSection(SolutionProperties) = preSolution
		HideSolutionNode = FALSE
	EndGlobalSection
	GlobalSection(ExtensibilityGlobals) = postSolution
		SolutionGuid = {85805BAA-404D-48DC-8903-F8779BED1F42}
	EndGlobalSection
EndGlobal
